
Microsoft Visual Studio Solution File, Format Version 12.00
# Visual Studio Version 17
VisualStudioVersion = 17.0.31903.59
MinimumVisualStudioVersion = 10.0.40219.1
Project("{9A19103F-16F7-4668-BE54-9A1E7A4F7556}") = "SecretsVault.Data", "SecretsVault.Data\SecretsVault.Data.csproj", "{CCDA9D3A-7304-432A-8F26-992209E6E451}"
EndProject
Project("{9A19103F-16F7-4668-BE54-9A1E7A4F7556}") = "SecretsVault.ViewModels", "SecretsVault.ViewModels\SecretsVault.ViewModels.csproj", "{9046A8D6-200B-455E-B12A-D726C7D1823F}"
EndProject
Project("{9A19103F-16F7-4668-BE54-9A1E7A4F7556}") = "SecretsVault.Services", "SecretsVault.Services\SecretsVault.Services.csproj", "{3B6641E3-67ED-4AC8-BA3B-131CF7B56755}"
EndProject
Project("{9A19103F-16F7-4668-BE54-9A1E7A4F7556}") = "SecretsVault.Core", "SecretsVault.Core\SecretsVault.Core.csproj", "{0656D09D-C116-4AD6-94E3-B716905BA806}"
EndProject
Project("{9A19103F-16F7-4668-BE54-9A1E7A4F7556}") = "SecretsVault.WebApp", "SecretsVault.WebApp\SecretsVault.WebApp.csproj", "{B7B64DF5-96E2-442F-8FF1-D951D389696E}"
EndProject
Project("{FAE04EC0-301F-11D3-BF4B-00C04F79EFBC}") = "SecretsVault.WebApi", "SecretsVault.WebApi\SecretsVault.WebApi.csproj", "{1E4CBEDF-60DB-433F-85E4-DC437D8C9DB0}"
EndProject
Project("{FAE04EC0-301F-11D3-BF4B-00C04F79EFBC}") = "SecretsVault.TestConsole", "SecretsVault.TestConsole\SecretsVault.TestConsole.csproj", "{19F1BDD9-FB60-45DD-BB8E-0761BB18EEA1}"
EndProject
Global
	GlobalSection(SolutionConfigurationPlatforms) = preSolution
		Debug|Any CPU = Debug|Any CPU
		Release|Any CPU = Release|Any CPU
	EndGlobalSection
	GlobalSection(ProjectConfigurationPlatforms) = postSolution
		{CCDA9D3A-7304-432A-8F26-992209E6E451}.Debug|Any CPU.ActiveCfg = Debug|Any CPU
		{CCDA9D3A-7304-432A-8F26-992209E6E451}.Debug|Any CPU.Build.0 = Debug|Any CPU
		{CCDA9D3A-7304-432A-8F26-992209E6E451}.Release|Any CPU.ActiveCfg = Release|Any CPU
		{CCDA9D3A-7304-432A-8F26-992209E6E451}.Release|Any CPU.Build.0 = Release|Any CPU
		{9046A8D6-200B-455E-B12A-D726C7D1823F}.Debug|Any CPU.ActiveCfg = Debug|Any CPU
		{9046A8D6-200B-455E-B12A-D726C7D1823F}.Debug|Any CPU.Build.0 = Debug|Any CPU
		{9046A8D6-200B-455E-B12A-D726C7D1823F}.Release|Any CPU.ActiveCfg = Release|Any CPU
		{9046A8D6-200B-455E-B12A-D726C7D1823F}.Release|Any CPU.Build.0 = Release|Any CPU
		{3B6641E3-67ED-4AC8-BA3B-131CF7B56755}.Debug|Any CPU.ActiveCfg = Debug|Any CPU
		{3B6641E3-67ED-4AC8-BA3B-131CF7B56755}.Debug|Any CPU.Build.0 = Debug|Any CPU
		{3B6641E3-67ED-4AC8-BA3B-131CF7B56755}.Release|Any CPU.ActiveCfg = Release|Any CPU
		{3B6641E3-67ED-4AC8-BA3B-131CF7B56755}.Release|Any CPU.Build.0 = Release|Any CPU
		{0656D09D-C116-4AD6-94E3-B716905BA806}.Debug|Any CPU.ActiveCfg = Debug|Any CPU
		{0656D09D-C116-4AD6-94E3-B716905BA806}.Debug|Any CPU.Build.0 = Debug|Any CPU
		{0656D09D-C116-4AD6-94E3-B716905BA806}.Release|Any CPU.ActiveCfg = Release|Any CPU
		{0656D09D-C116-4AD6-94E3-B716905BA806}.Release|Any CPU.Build.0 = Release|Any CPU
		{B7B64DF5-96E2-442F-8FF1-D951D389696E}.Debug|Any CPU.ActiveCfg = Debug|Any CPU
		{B7B64DF5-96E2-442F-8FF1-D951D389696E}.Debug|Any CPU.Build.0 = Debug|Any CPU
		{B7B64DF5-96E2-442F-8FF1-D951D389696E}.Release|Any CPU.ActiveCfg = Release|Any CPU
		{B7B64DF5-96E2-442F-8FF1-D951D389696E}.Release|Any CPU.Build.0 = Release|Any CPU
		{1E4CBEDF-60DB-433F-85E4-DC437D8C9DB0}.Debug|Any CPU.ActiveCfg = Debug|Any CPU
		{1E4CBEDF-60DB-433F-85E4-DC437D8C9DB0}.Debug|Any CPU.Build.0 = Debug|Any CPU
		{1E4CBEDF-60DB-433F-85E4-DC437D8C9DB0}.Release|Any CPU.ActiveCfg = Release|Any CPU
		{1E4CBEDF-60DB-433F-85E4-DC437D8C9DB0}.Release|Any CPU.Build.0 = Release|Any CPU
		{19F1BDD9-FB60-45DD-BB8E-0761BB18EEA1}.Debug|Any CPU.ActiveCfg = Debug|Any CPU
		{19F1BDD9-FB60-45DD-BB8E-0761BB18EEA1}.Debug|Any CPU.Build.0 = Debug|Any CPU
		{19F1BDD9-FB60-45DD-BB8E-0761BB18EEA1}.Release|Any CPU.ActiveCfg = Release|Any CPU
		{19F1BDD9-FB60-45DD-BB8E-0761BB18EEA1}.Release|Any CPU.Build.0 = Release|Any CPU
	EndGlobalSection
	GlobalSection(SolutionProperties) = preSolution
		HideSolutionNode = FALSE
	EndGlobalSection
	GlobalSection(ExtensibilityGlobals) = postSolution
		SolutionGuid = {80FDB5D8-153A-4087-A1C3-3430B27A62F2}
	EndGlobalSection
EndGlobal
